{
  "name": "ravestreamradioapp",
  "lockfileVersion": 2,
  "requires": true,
  "packages": {
    "": {
      "dependencies": {
        "firestore-size": "^2.0.7"
      }
    },
    "node_modules/firestore-size": {
      "version": "2.0.7",
      "resolved": "https://registry.npmjs.org/firestore-size/-/firestore-size-2.0.7.tgz",
      "integrity": "sha512-K5D8e+9rrJs8YL/GIiET7ul9x5pV1WAUjK/yjZO360cF8A+71FnZg+ofO9U7g8XCr21mkbyZFM4yEf4o45FEIQ=="
    }
  },
  "dependencies": {
    "firestore-size": {
      "version": "2.0.7",
      "resolved": "https://registry.npmjs.org/firestore-size/-/firestore-size-2.0.7.tgz",
      "integrity": "sha512-K5D8e+9rrJs8YL/GIiET7ul9x5pV1WAUjK/yjZO360cF8A+71FnZg+ofO9U7g8XCr21mkbyZFM4yEf4o45FEIQ=="
    }
  }
}
